# THIS IS AN AUTOGENERATED FILE. DO NOT EDIT THIS FILE DIRECTLY.
# yarn lockfile v1


"@types/chrome@^0.0.316":
  version "0.0.316"
  resolved "https://registry.yarnpkg.com/@types/chrome/-/chrome-0.0.316.tgz#121ca078f71a054f4380b7c6c8f389d97f13cfe4"
  integrity sha512-zoXIly8A41t8U5oC/14hgwjJ3k6kOE6ODJcCSGYda9AFOSloySO6OSO+RHayndb4BaJWg9s5FrXhYkemgsSEkA==
  dependencies:
    "@types/filesystem" "*"
    "@types/har-format" "*"

"@types/filesystem@*":
  version "0.0.29"
  resolved "https://registry.yarnpkg.com/@types/filesystem/-/filesystem-0.0.29.tgz#ee3748eb5be140dcf980c3bd35f11aec5f7a3748"
  integrity sha512-85/1KfRedmfPGsbK8YzeaQUyV1FQAvMPMTuWFQ5EkLd2w7szhNO96bk3Rh/SKmOfd9co2rCLf0Voy4o7ECBOvw==
  dependencies:
    "@types/filewriter" "*"

"@types/filewriter@*":
  version "0.0.28"
  resolved "https://registry.yarnpkg.com/@types/filewriter/-/filewriter-0.0.28.tgz#c054e8af4d9dd75db4e63abc76f885168714d4b3"
  integrity sha1-wFTor02d11205jq8dviFFocU1LM=

"@types/har-format@*":
  version "1.2.16"
  resolved "https://registry.yarnpkg.com/@types/har-format/-/har-format-1.2.16.tgz#b71ede8681400cc08b3685f061c31e416cf94944"
  integrity sha512-fluxdy7ryD3MV6h8pTfTYpy/xQzCFC7m89nOH9y94cNqJ1mDIDPut7MnRHI3F6qRmh/cT2fUjG1MLdCNb4hE9A==
