# THIS IS AN AUTOGENERATED FILE. DO NOT EDIT THIS FILE DIRECTLY.
# yarn lockfile v1


"@types/chrome@^0.0.210":
  version "0.0.210"
  resolved "https://registry.yarnpkg.com/@types/chrome/-/chrome-0.0.210.tgz#6bc137e111cf42857af5012d47c036adc079616e"
  integrity sha512-VSjQu1k6a/rAfuqR1Gi/oxHZj4+t6+LG+GobNI3ZWI6DQ+fmphNSF6TrLHG6BYK2bXc9Gb4c1uXFKRRVLaGl5Q==
  dependencies:
    "@types/filesystem" "*"
    "@types/har-format" "*"

"@types/filesystem@*":
  version "0.0.29"
  resolved "https://registry.yarnpkg.com/@types/filesystem/-/filesystem-0.0.29.tgz#ee3748eb5be140dcf980c3bd35f11aec5f7a3748"
  integrity sha512-85/1KfRedmfPGsbK8YzeaQUyV1FQAvMPMTuWFQ5EkLd2w7szhNO96bk3Rh/SKmOfd9co2rCLf0Voy4o7ECBOvw==
  dependencies:
    "@types/filewriter" "*"

"@types/filewriter@*":
  version "0.0.28"
  resolved "https://registry.yarnpkg.com/@types/filewriter/-/filewriter-0.0.28.tgz#c054e8af4d9dd75db4e63abc76f885168714d4b3"
  integrity sha1-wFTor02d11205jq8dviFFocU1LM=

"@types/har-format@*":
  version "1.2.10"
  resolved "https://registry.yarnpkg.com/@types/har-format/-/har-format-1.2.10.tgz#7b4e1e0ada4d17684ac3b05d601a4871cfab11fc"
  integrity sha512-o0J30wqycjF5miWDKYKKzzOU1ZTLuA42HZ4HE7/zqTOc/jTLdQ5NhYWvsRQo45Nfi1KHoRdNhteSI4BAxTF1Pg==
